
Microsoft Visual Studio Solution File, Format Version 12.00
# Visual Studio Version 17
VisualStudioVersion = 17.10.35013.160
MinimumVisualStudioVersion = 10.0.40219.1
Project("{FAE04EC0-301F-11D3-BF4B-00C04F79EFBC}") = "Car_Rent_System", "Car_Rent_System.csproj", "{634964F6-F33B-458B-B2F1-08545A2F3203}"
EndProject
Global
	GlobalSection(SolutionConfigurationPlatforms) = preSolution
		Debug|Any CPU = Debug|Any CPU
		Release|Any CPU = Release|Any CPU
	EndGlobalSection
	GlobalSection(ProjectConfigurationPlatforms) = postSolution
		{634964F6-F33B-458B-B2F1-08545A2F3203}.Debug|Any CPU.ActiveCfg = Debug|Any CPU
		{634964F6-F33B-458B-B2F1-08545A2F3203}.Debug|Any CPU.Build.0 = Debug|Any CPU
		{634964F6-F33B-458B-B2F1-08545A2F3203}.Release|Any CPU.ActiveCfg = Release|Any CPU
		{634964F6-F33B-458B-B2F1-08545A2F3203}.Release|Any CPU.Build.0 = Release|Any CPU
	EndGlobalSection
	GlobalSection(SolutionProperties) = preSolution
		HideSolutionNode = FALSE
	EndGlobalSection
	GlobalSection(ExtensibilityGlobals) = postSolution
		SolutionGuid = {954FB066-D64C-4261-A7F5-AC493A077E8B}
	EndGlobalSection
EndGlobal
